// !$*UTF8*$!
{
	archiveVersion = 1;
	classes = {
	};
	objectVersion = 50;
	objects = {

/* Begin PBXBuildFile section */
		CA27835B2404D62400E69597 /* AppDelegate.swift in Sources */ = {isa = PBXBuildFile; fileRef = CA27835A2404D62400E69597 /* AppDelegate.swift */; };
		CA27835D2404D62400E69597 /* SceneDelegate.swift in Sources */ = {isa = PBXBuildFile; fileRef = CA27835C2404D62400E69597 /* SceneDelegate.swift */; };
		CA27835F2404D62500E69597 /* ContentView.swift in Sources */ = {isa = PBXBuildFile; fileRef = CA27835E2404D62500E69597 /* ContentView.swift */; };
		CA2783612404D62600E69597 /* Assets.xcassets in Resources */ = {isa = PBXBuildFile; fileRef = CA2783602404D62600E69597 /* Assets.xcassets */; };
		CA2783642404D62600E69597 /* Preview Assets.xcassets in Resources */ = {isa = PBXBuildFile; fileRef = CA2783632404D62600E69597 /* Preview Assets.xcassets */; };
		CA2783672404D62600E69597 /* LaunchScreen.storyboard in Resources */ = {isa = PBXBuildFile; fileRef = CA2783652404D62600E69597 /* LaunchScreen.storyboard */; };
		CA27836C2404D62600E69597 /* WatchViewer WatchKit App.app in Embed Watch Content */ = {isa = PBXBuildFile; fileRef = CA27836B2404D62600E69597 /* WatchViewer WatchKit App.app */; settings = {ATTRIBUTES = (RemoveHeadersOnCopy, ); }; };
		CA2783722404D62600E69597 /* Interface.storyboard in Resources */ = {isa = PBXBuildFile; fileRef = CA2783702404D62600E69597 /* Interface.storyboard */; };
		CA2783742404D62800E69597 /* Assets.xcassets in Resources */ = {isa = PBXBuildFile; fileRef = CA2783732404D62800E69597 /* Assets.xcassets */; };
		CA27837B2404D62800E69597 /* WatchViewer WatchKit Extension.appex in Embed App Extensions */ = {isa = PBXBuildFile; fileRef = CA27837A2404D62800E69597 /* WatchViewer WatchKit Extension.appex */; settings = {ATTRIBUTES = (RemoveHeadersOnCopy, ); }; };
		CA2783802404D62800E69597 /* ContentView.swift in Sources */ = {isa = PBXBuildFile; fileRef = CA27837F2404D62800E69597 /* ContentView.swift */; };
		CA2783822404D62800E69597 /* HostingController.swift in Sources */ = {isa = PBXBuildFile; fileRef = CA2783812404D62800E69597 /* HostingController.swift */; };
		CA2783842404D62800E69597 /* ExtensionDelegate.swift in Sources */ = {isa = PBXBuildFile; fileRef = CA2783832404D62800E69597 /* ExtensionDelegate.swift */; };
		CA2783862404D62900E69597 /* Assets.xcassets in Resources */ = {isa = PBXBuildFile; fileRef = CA2783852404D62900E69597 /* Assets.xcassets */; };
		CA2783892404D62900E69597 /* Preview Assets.xcassets in Resources */ = {isa = PBXBuildFile; fileRef = CA2783882404D62900E69597 /* Preview Assets.xcassets */; };
/* End PBXBuildFile section */

/* Begin PBXContainerItemProxy section */
		CA27836D2404D62600E69597 /* PBXContainerItemProxy */ = {
			isa = PBXContainerItemProxy;
			containerPortal = CA27834F2404D62400E69597 /* Project object */;
			proxyType = 1;
			remoteGlobalIDString = CA27836A2404D62600E69597;
			remoteInfo = "WatchViewer WatchKit App";
		};
		CA27837C2404D62800E69597 /* PBXContainerItemProxy */ = {
			isa = PBXContainerItemProxy;
			containerPortal = CA27834F2404D62400E69597 /* Project object */;
			proxyType = 1;
			remoteGlobalIDString = CA2783792404D62800E69597;
			remoteInfo = "WatchViewer WatchKit Extension";
		};
/* End PBXContainerItemProxy section */

/* Begin PBXCopyFilesBuildPhase section */
		CA2783902404D62900E69597 /* Embed App Extensions */ = {
			isa = PBXCopyFilesBuildPhase;
			buildActionMask = 2147483647;
			dstPath = "";
			dstSubfolderSpec = 13;
			files = (
				CA27837B2404D62800E69597 /* WatchViewer WatchKit Extension.appex in Embed App Extensions */,
			);
			name = "Embed App Extensions";
			runOnlyForDeploymentPostprocessing = 0;
		};
		CA2783942404D62900E69597 /* Embed Watch Content */ = {
			isa = PBXCopyFilesBuildPhase;
			buildActionMask = 2147483647;
			dstPath = "$(CONTENTS_FOLDER_PATH)/Watch";
			dstSubfolderSpec = 16;
			files = (
				CA27836C2404D62600E69597 /* WatchViewer WatchKit App.app in Embed Watch Content */,
			);
			name = "Embed Watch Content";
			runOnlyForDeploymentPostprocessing = 0;
		};
/* End PBXCopyFilesBuildPhase section */

/* Begin PBXFileReference section */
		CA2783572404D62400E69597 /* WatchViewer.app */ = {isa = PBXFileReference; explicitFileType = wrapper.application; includeInIndex = 0; path = WatchViewer.app; sourceTree = BUILT_PRODUCTS_DIR; };
		CA27835A2404D62400E69597 /* AppDelegate.swift */ = {isa = PBXFileReference; lastKnownFileType = sourcecode.swift; path = AppDelegate.swift; sourceTree = "<group>"; };
		CA27835C2404D62400E69597 /* SceneDelegate.swift */ = {isa = PBXFileReference; lastKnownFileType = sourcecode.swift; path = SceneDelegate.swift; sourceTree = "<group>"; };
		CA27835E2404D62500E69597 /* ContentView.swift */ = {isa = PBXFileReference; lastKnownFileType = sourcecode.swift; path = ContentView.swift; sourceTree = "<group>"; };
		CA2783602404D62600E69597 /* Assets.xcassets */ = {isa = PBXFileReference; lastKnownFileType = folder.assetcatalog; path = Assets.xcassets; sourceTree = "<group>"; };
		CA2783632404D62600E69597 /* Preview Assets.xcassets */ = {isa = PBXFileReference; lastKnownFileType = folder.assetcatalog; path = "Preview Assets.xcassets"; sourceTree = "<group>"; };
		CA2783662404D62600E69597 /* Base */ = {isa = PBXFileReference; lastKnownFileType = file.storyboard; name = Base; path = Base.lproj/LaunchScreen.storyboard; sourceTree = "<group>"; };
		CA2783682404D62600E69597 /* Info.plist */ = {isa = PBXFileReference; lastKnownFileType = text.plist.xml; path = Info.plist; sourceTree = "<group>"; };
		CA27836B2404D62600E69597 /* WatchViewer WatchKit App.app */ = {isa = PBXFileReference; explicitFileType = wrapper.application; includeInIndex = 0; path = "WatchViewer WatchKit App.app"; sourceTree = BUILT_PRODUCTS_DIR; };
		CA2783712404D62600E69597 /* Base */ = {isa = PBXFileReference; lastKnownFileType = file.storyboard; name = Base; path = Base.lproj/Interface.storyboard; sourceTree = "<group>"; };
		CA2783732404D62800E69597 /* Assets.xcassets */ = {isa = PBXFileReference; lastKnownFileType = folder.assetcatalog; path = Assets.xcassets; sourceTree = "<group>"; };
		CA2783752404D62800E69597 /* Info.plist */ = {isa = PBXFileReference; lastKnownFileType = text.plist.xml; path = Info.plist; sourceTree = "<group>"; };
		CA27837A2404D62800E69597 /* WatchViewer WatchKit Extension.appex */ = {isa = PBXFileReference; explicitFileType = "wrapper.app-extension"; includeInIndex = 0; path = "WatchViewer WatchKit Extension.appex"; sourceTree = BUILT_PRODUCTS_DIR; };
		CA27837F2404D62800E69597 /* ContentView.swift */ = {isa = PBXFileReference; lastKnownFileType = sourcecode.swift; path = ContentView.swift; sourceTree = "<group>"; };
		CA2783812404D62800E69597 /* HostingController.swift */ = {isa = PBXFileReference; lastKnownFileType = sourcecode.swift; path = HostingController.swift; sourceTree = "<group>"; };
		CA2783832404D62800E69597 /* ExtensionDelegate.swift */ = {isa = PBXFileReference; lastKnownFileType = sourcecode.swift; path = ExtensionDelegate.swift; sourceTree = "<group>"; };
		CA2783852404D62900E69597 /* Assets.xcassets */ = {isa = PBXFileReference; lastKnownFileType = folder.assetcatalog; path = Assets.xcassets; sourceTree = "<group>"; };
		CA2783882404D62900E69597 /* Preview Assets.xcassets */ = {isa = PBXFileReference; lastKnownFileType = folder.assetcatalog; path = "Preview Assets.xcassets"; sourceTree = "<group>"; };
		CA27838A2404D62900E69597 /* Info.plist */ = {isa = PBXFileReference; lastKnownFileType = text.plist.xml; path = Info.plist; sourceTree = "<group>"; };
/* End PBXFileReference section */

/* Begin PBXFrameworksBuildPhase section */
		CA2783542404D62400E69597 /* Frameworks */ = {
			isa = PBXFrameworksBuildPhase;
			buildActionMask = 2147483647;
			files = (
			);
			runOnlyForDeploymentPostprocessing = 0;
		};
		CA2783772404D62800E69597 /* Frameworks */ = {
			isa = PBXFrameworksBuildPhase;
			buildActionMask = 2147483647;
			files = (
			);
			runOnlyForDeploymentPostprocessing = 0;
		};
/* End PBXFrameworksBuildPhase section */

/* Begin PBXGroup section */
		CA27834E2404D62400E69597 = {
			isa = PBXGroup;
			children = (
				CA2783592404D62400E69597 /* WatchViewer */,
				CA27836F2404D62600E69597 /* WatchViewer WatchKit App */,
				CA27837E2404D62800E69597 /* WatchViewer WatchKit Extension */,
				CA2783582404D62400E69597 /* Products */,
			);
			sourceTree = "<group>";
		};
		CA2783582404D62400E69597 /* Products */ = {
			isa = PBXGroup;
			children = (
				CA2783572404D62400E69597 /* WatchViewer.app */,
				CA27836B2404D62600E69597 /* WatchViewer WatchKit App.app */,
				CA27837A2404D62800E69597 /* WatchViewer WatchKit Extension.appex */,
			);
			name = Products;
			sourceTree = "<group>";
		};
		CA2783592404D62400E69597 /* WatchViewer */ = {
			isa = PBXGroup;
			children = (
				CA27835A2404D62400E69597 /* AppDelegate.swift */,
				CA27835C2404D62400E69597 /* SceneDelegate.swift */,
				CA27835E2404D62500E69597 /* ContentView.swift */,
				CA2783602404D62600E69597 /* Assets.xcassets */,
				CA2783652404D62600E69597 /* LaunchScreen.storyboard */,
				CA2783682404D62600E69597 /* Info.plist */,
				CA2783622404D62600E69597 /* Preview Content */,
			);
			path = WatchViewer;
			sourceTree = "<group>";
		};
		CA2783622404D62600E69597 /* Preview Content */ = {
			isa = PBXGroup;
			children = (
				CA2783632404D62600E69597 /* Preview Assets.xcassets */,
			);
			path = "Preview Content";
			sourceTree = "<group>";
		};
		CA27836F2404D62600E69597 /* WatchViewer WatchKit App */ = {
			isa = PBXGroup;
			children = (
				CA2783702404D62600E69597 /* Interface.storyboard */,
				CA2783732404D62800E69597 /* Assets.xcassets */,
				CA2783752404D62800E69597 /* Info.plist */,
			);
			path = "WatchViewer WatchKit App";
			sourceTree = "<group>";
		};
		CA27837E2404D62800E69597 /* WatchViewer WatchKit Extension */ = {
			isa = PBXGroup;
			children = (
				CA27837F2404D62800E69597 /* ContentView.swift */,
				CA2783812404D62800E69597 /* HostingController.swift */,
				CA2783832404D62800E69597 /* ExtensionDelegate.swift */,
				CA2783852404D62900E69597 /* Assets.xcassets */,
				CA27838A2404D62900E69597 /* Info.plist */,
				CA2783872404D62900E69597 /* Preview Content */,
			);
			path = "WatchViewer WatchKit Extension";
			sourceTree = "<group>";
		};
		CA2783872404D62900E69597 /* Preview Content */ = {
			isa = PBXGroup;
			children = (
				CA2783882404D62900E69597 /* Preview Assets.xcassets */,
			);
			path = "Preview Content";
			sourceTree = "<group>";
		};
/* End PBXGroup section */

/* Begin PBXNativeTarget section */
		CA2783562404D62400E69597 /* WatchViewer */ = {
			isa = PBXNativeTarget;
			buildConfigurationList = CA2783952404D62900E69597 /* Build configuration list for PBXNativeTarget "WatchViewer" */;
			buildPhases = (
				CA2783532404D62400E69597 /* Sources */,
				CA2783542404D62400E69597 /* Frameworks */,
				CA2783552404D62400E69597 /* Resources */,
				CA2783942404D62900E69597 /* Embed Watch Content */,
			);
			buildRules = (
			);
			dependencies = (
				CA27836E2404D62600E69597 /* PBXTargetDependency */,
			);
			name = WatchViewer;
			productName = WatchViewer;
			productReference = CA2783572404D62400E69597 /* WatchViewer.app */;
			productType = "com.apple.product-type.application";
		};
		CA27836A2404D62600E69597 /* WatchViewer WatchKit App */ = {
			isa = PBXNativeTarget;
			buildConfigurationList = CA2783912404D62900E69597 /* Build configuration list for PBXNativeTarget "WatchViewer WatchKit App" */;
			buildPhases = (
				CA2783692404D62600E69597 /* Resources */,
				CA2783902404D62900E69597 /* Embed App Extensions */,
			);
			buildRules = (
			);
			dependencies = (
				CA27837D2404D62800E69597 /* PBXTargetDependency */,
			);
			name = "WatchViewer WatchKit App";
			productName = "WatchViewer WatchKit App";
			productReference = CA27836B2404D62600E69597 /* WatchViewer WatchKit App.app */;
			productType = "com.apple.product-type.application.watchapp2";
		};
		CA2783792404D62800E69597 /* WatchViewer WatchKit Extension */ = {
			isa = PBXNativeTarget;
			buildConfigurationList = CA27838D2404D62900E69597 /* Build configuration list for PBXNativeTarget "WatchViewer WatchKit Extension" */;
			buildPhases = (
				CA2783762404D62800E69597 /* Sources */,
				CA2783772404D62800E69597 /* Frameworks */,
				CA2783782404D62800E69597 /* Resources */,
			);
			buildRules = (
			);
			dependencies = (
			);
			name = "WatchViewer WatchKit Extension";
			productName = "WatchViewer WatchKit Extension";
			productReference = CA27837A2404D62800E69597 /* WatchViewer WatchKit Extension.appex */;
			productType = "com.apple.product-type.watchkit2-extension";
		};
/* End PBXNativeTarget section */

/* Begin PBXProject section */
		CA27834F2404D62400E69597 /* Project object */ = {
			isa = PBXProject;
			attributes = {
				LastSwiftUpdateCheck = 1130;
				LastUpgradeCheck = 1130;
				ORGANIZATIONNAME = "Petar Petkov";
				TargetAttributes = {
					CA2783562404D62400E69597 = {
						CreatedOnToolsVersion = 11.3.1;
					};
					CA27836A2404D62600E69597 = {
						CreatedOnToolsVersion = 11.3.1;
					};
					CA2783792404D62800E69597 = {
						CreatedOnToolsVersion = 11.3.1;
					};
				};
			};
			buildConfigurationList = CA2783522404D62400E69597 /* Build configuration list for PBXProject "WatchViewer" */;
			compatibilityVersion = "Xcode 9.3";
			developmentRegion = en;
			hasScannedForEncodings = 0;
			knownRegions = (
				en,
				Base,
			);
			mainGroup = CA27834E2404D62400E69597;
			productRefGroup = CA2783582404D62400E69597 /* Products */;
			projectDirPath = "";
			projectRoot = "";
			targets = (
				CA2783562404D62400E69597 /* WatchViewer */,
				CA27836A2404D62600E69597 /* WatchViewer WatchKit App */,
				CA2783792404D62800E69597 /* WatchViewer WatchKit Extension */,
			);
		};
/* End PBXProject section */

/* Begin PBXResourcesBuildPhase section */
		CA2783552404D62400E69597 /* Resources */ = {
			isa = PBXResourcesBuildPhase;
			buildActionMask = 2147483647;
			files = (
				CA2783672404D62600E69597 /* LaunchScreen.storyboard in Resources */,
				CA2783642404D62600E69597 /* Preview Assets.xcassets in Resources */,
				CA2783612404D62600E69597 /* Assets.xcassets in Resources */,
			);
			runOnlyForDeploymentPostprocessing = 0;
		};
		CA2783692404D62600E69597 /* Resources */ = {
			isa = PBXResourcesBuildPhase;
			buildActionMask = 2147483647;
			files = (
				CA2783742404D62800E69597 /* Assets.xcassets in Resources */,
				CA2783722404D62600E69597 /* Interface.storyboard in Resources */,
			);
			runOnlyForDeploymentPostprocessing = 0;
		};
		CA2783782404D62800E69597 /* Resources */ = {
			isa = PBXResourcesBuildPhase;
			buildActionMask = 2147483647;
			files = (
				CA2783892404D62900E69597 /* Preview Assets.xcassets in Resources */,
				CA2783862404D62900E69597 /* Assets.xcassets in Resources */,
			);
			runOnlyForDeploymentPostprocessing = 0;
		};
/* End PBXResourcesBuildPhase section */

/* Begin PBXSourcesBuildPhase section */
		CA2783532404D62400E69597 /* Sources */ = {
			isa = PBXSourcesBuildPhase;
			buildActionMask = 2147483647;
			files = (
				CA27835B2404D62400E69597 /* AppDelegate.swift in Sources */,
				CA27835D2404D62400E69597 /* SceneDelegate.swift in Sources */,
				CA27835F2404D62500E69597 /* ContentView.swift in Sources */,
			);
			runOnlyForDeploymentPostprocessing = 0;
		};
		CA2783762404D62800E69597 /* Sources */ = {
			isa = PBXSourcesBuildPhase;
			buildActionMask = 2147483647;
			files = (
				CA2783822404D62800E69597 /* HostingController.swift in Sources */,
				CA2783802404D62800E69597 /* ContentView.swift in Sources */,
				CA2783842404D62800E69597 /* ExtensionDelegate.swift in Sources */,
			);
			runOnlyForDeploymentPostprocessing = 0;
		};
/* End PBXSourcesBuildPhase section */

/* Begin PBXTargetDependency section */
		CA27836E2404D62600E69597 /* PBXTargetDependency */ = {
			isa = PBXTargetDependency;
			target = CA27836A2404D62600E69597 /* WatchViewer WatchKit App */;
			targetProxy = CA27836D2404D62600E69597 /* PBXContainerItemProxy */;
		};
		CA27837D2404D62800E69597 /* PBXTargetDependency */ = {
			isa = PBXTargetDependency;
			target = CA2783792404D62800E69597 /* WatchViewer WatchKit Extension */;
			targetProxy = CA27837C2404D62800E69597 /* PBXContainerItemProxy */;
		};
/* End PBXTargetDependency section */

/* Begin PBXVariantGroup section */
		CA2783652404D62600E69597 /* LaunchScreen.storyboard */ = {
			isa = PBXVariantGroup;
			children = (
				CA2783662404D62600E69597 /* Base */,
			);
			name = LaunchScreen.storyboard;
			sourceTree = "<group>";
		};
		CA2783702404D62600E69597 /* Interface.storyboard */ = {
			isa = PBXVariantGroup;
			children = (
				CA2783712404D62600E69597 /* Base */,
			);
			name = Interface.storyboard;
			sourceTree = "<group>";
		};
/* End PBXVariantGroup section */

/* Begin XCBuildConfiguration section */
		CA27838B2404D62900E69597 /* Debug */ = {
			isa = XCBuildConfiguration;
			buildSettings = {
				ALWAYS_SEARCH_USER_PATHS = NO;
				CLANG_ANALYZER_NONNULL = YES;
				CLANG_ANALYZER_NUMBER_OBJECT_CONVERSION = YES_AGGRESSIVE;
				CLANG_CXX_LANGUAGE_STANDARD = "gnu++14";
				CLANG_CXX_LIBRARY = "libc++";
				CLANG_ENABLE_MODULES = YES;
				CLANG_ENABLE_OBJC_ARC = YES;
				CLANG_ENABLE_OBJC_WEAK = YES;
				CLANG_WARN_BLOCK_CAPTURE_AUTORELEASING = YES;
				CLANG_WARN_BOOL_CONVERSION = YES;
				CLANG_WARN_COMMA = YES;
				CLANG_WARN_CONSTANT_CONVERSION = YES;
				CLANG_WARN_DEPRECATED_OBJC_IMPLEMENTATIONS = YES;
				CLANG_WARN_DIRECT_OBJC_ISA_USAGE = YES_ERROR;
				CLANG_WARN_DOCUMENTATION_COMMENTS = YES;
				CLANG_WARN_EMPTY_BODY = YES;
				CLANG_WARN_ENUM_CONVERSION = YES;
				CLANG_WARN_INFINITE_RECURSION = YES;
				CLANG_WARN_INT_CONVERSION = YES;
				CLANG_WARN_NON_LITERAL_NULL_CONVERSION = YES;
				CLANG_WARN_OBJC_IMPLICIT_RETAIN_SELF = YES;
				CLANG_WARN_OBJC_LITERAL_CONVERSION = YES;
				CLANG_WARN_OBJC_ROOT_CLASS = YES_ERROR;
				CLANG_WARN_RANGE_LOOP_ANALYSIS = YES;
				CLANG_WARN_STRICT_PROTOTYPES = YES;
				CLANG_WARN_SUSPICIOUS_MOVE = YES;
				CLANG_WARN_UNGUARDED_AVAILABILITY = YES_AGGRESSIVE;
				CLANG_WARN_UNREACHABLE_CODE = YES;
				CLANG_WARN__DUPLICATE_METHOD_MATCH = YES;
				COPY_PHASE_STRIP = NO;
				DEBUG_INFORMATION_FORMAT = dwarf;
				ENABLE_STRICT_OBJC_MSGSEND = YES;
				ENABLE_TESTABILITY = YES;
				GCC_C_LANGUAGE_STANDARD = gnu11;
				GCC_DYNAMIC_NO_PIC = NO;
				GCC_NO_COMMON_BLOCKS = YES;
				GCC_OPTIMIZATION_LEVEL = 0;
				GCC_PREPROCESSOR_DEFINITIONS = (
					"DEBUG=1",
					"$(inherited)",
				);
				GCC_WARN_64_TO_32_BIT_CONVERSION = YES;
				GCC_WARN_ABOUT_RETURN_TYPE = YES_ERROR;
				GCC_WARN_UNDECLARED_SELECTOR = YES;
				GCC_WARN_UNINITIALIZED_AUTOS = YES_AGGRESSIVE;
				GCC_WARN_UNUSED_FUNCTION = YES;
				GCC_WARN_UNUSED_VARIABLE = YES;
				IPHONEOS_DEPLOYMENT_TARGET = 13.2;
				MTL_ENABLE_DEBUG_INFO = INCLUDE_SOURCE;
				MTL_FAST_MATH = YES;
				ONLY_ACTIVE_ARCH = YES;
				SDKROOT = iphoneos;
				SWIFT_ACTIVE_COMPILATION_CONDITIONS = DEBUG;
				SWIFT_OPTIMIZATION_LEVEL = "-Onone";
			};
			name = Debug;
		};
		CA27838C2404D62900E69597 /* Release */ = {
			isa = XCBuildConfiguration;
			buildSettings = {
				ALWAYS_SEARCH_USER_PATHS = NO;
				CLANG_ANALYZER_NONNULL = YES;
				CLANG_ANALYZER_NUMBER_OBJECT_CONVERSION = YES_AGGRESSIVE;
				CLANG_CXX_LANGUAGE_STANDARD = "gnu++14";
				CLANG_CXX_LIBRARY = "libc++";
				CLANG_ENABLE_MODULES = YES;
				CLANG_ENABLE_OBJC_ARC = YES;
				CLANG_ENABLE_OBJC_WEAK = YES;
				CLANG_WARN_BLOCK_CAPTURE_AUTORELEASING = YES;
				CLANG_WARN_BOOL_CONVERSION = YES;
				CLANG_WARN_COMMA = YES;
				CLANG_WARN_CONSTANT_CONVERSION = YES;
				CLANG_WARN_DEPRECATED_OBJC_IMPLEMENTATIONS = YES;
				CLANG_WARN_DIRECT_OBJC_ISA_USAGE = YES_ERROR;
				CLANG_WARN_DOCUMENTATION_COMMENTS = YES;
				CLANG_WARN_EMPTY_BODY = YES;
				CLANG_WARN_ENUM_CONVERSION = YES;
				CLANG_WARN_INFINITE_RECURSION = YES;
				CLANG_WARN_INT_CONVERSION = YES;
				CLANG_WARN_NON_LITERAL_NULL_CONVERSION = YES;
				CLANG_WARN_OBJC_IMPLICIT_RETAIN_SELF = YES;
				CLANG_WARN_OBJC_LITERAL_CONVERSION = YES;
				CLANG_WARN_OBJC_ROOT_CLASS = YES_ERROR;
				CLANG_WARN_RANGE_LOOP_ANALYSIS = YES;
				CLANG_WARN_STRICT_PROTOTYPES = YES;
				CLANG_WARN_SUSPICIOUS_MOVE = YES;
				CLANG_WARN_UNGUARDED_AVAILABILITY = YES_AGGRESSIVE;
				CLANG_WARN_UNREACHABLE_CODE = YES;
				CLANG_WARN__DUPLICATE_METHOD_MATCH = YES;
				COPY_PHASE_STRIP = NO;
				DEBUG_INFORMATION_FORMAT = "dwarf-with-dsym";
				ENABLE_NS_ASSERTIONS = NO;
				ENABLE_STRICT_OBJC_MSGSEND = YES;
				GCC_C_LANGUAGE_STANDARD = gnu11;
				GCC_NO_COMMON_BLOCKS = YES;
				GCC_WARN_64_TO_32_BIT_CONVERSION = YES;
				GCC_WARN_ABOUT_RETURN_TYPE = YES_ERROR;
				GCC_WARN_UNDECLARED_SELECTOR = YES;
				GCC_WARN_UNINITIALIZED_AUTOS = YES_AGGRESSIVE;
				GCC_WARN_UNUSED_FUNCTION = YES;
				GCC_WARN_UNUSED_VARIABLE = YES;
				IPHONEOS_DEPLOYMENT_TARGET = 13.2;
				MTL_ENABLE_DEBUG_INFO = NO;
				MTL_FAST_MATH = YES;
				SDKROOT = iphoneos;
				SWIFT_COMPILATION_MODE = wholemodule;
				SWIFT_OPTIMIZATION_LEVEL = "-O";
				VALIDATE_PRODUCT = YES;
			};
			name = Release;
		};
		CA27838E2404D62900E69597 /* Debug */ = {
			isa = XCBuildConfiguration;
			buildSettings = {
				ASSETCATALOG_COMPILER_COMPLICATION_NAME = Complication;
				CODE_SIGN_STYLE = Automatic;
				DEVELOPMENT_ASSET_PATHS = "\"WatchViewer WatchKit Extension/Preview Content\"";
				DEVELOPMENT_TEAM = TG94VNPLAA;
				ENABLE_PREVIEWS = YES;
				INFOPLIST_FILE = "WatchViewer WatchKit Extension/Info.plist";
				LD_RUNPATH_SEARCH_PATHS = (
					"$(inherited)",
					"@executable_path/Frameworks",
					"@executable_path/../../Frameworks",
				);
				PRODUCT_BUNDLE_IDENTIFIER = com.petarpetkov.WatchViewer.watchkitapp.watchkitextension;
				PRODUCT_NAME = "${TARGET_NAME}";
				SDKROOT = watchos;
				SKIP_INSTALL = YES;
				SWIFT_VERSION = 5.0;
				TARGETED_DEVICE_FAMILY = 4;
				WATCHOS_DEPLOYMENT_TARGET = 6.1;
			};
			name = Debug;
		};
		CA27838F2404D62900E69597 /* Release */ = {
			isa = XCBuildConfiguration;
			buildSettings = {
				ASSETCATALOG_COMPILER_COMPLICATION_NAME = Complication;
				CODE_SIGN_STYLE = Automatic;
				DEVELOPMENT_ASSET_PATHS = "\"WatchViewer WatchKit Extension/Preview Content\"";
				DEVELOPMENT_TEAM = TG94VNPLAA;
				ENABLE_PREVIEWS = YES;
				INFOPLIST_FILE = "WatchViewer WatchKit Extension/Info.plist";
				LD_RUNPATH_SEARCH_PATHS = (
					"$(inherited)",
					"@executable_path/Frameworks",
					"@executable_path/../../Frameworks",
				);
				PRODUCT_BUNDLE_IDENTIFIER = com.petarpetkov.WatchViewer.watchkitapp.watchkitextension;
				PRODUCT_NAME = "${TARGET_NAME}";
				SDKROOT = watchos;
				SKIP_INSTALL = YES;
				SWIFT_VERSION = 5.0;
				TARGETED_DEVICE_FAMILY = 4;
				WATCHOS_DEPLOYMENT_TARGET = 6.1;
			};
			name = Release;
		};
		CA2783922404D62900E69597 /* Debug */ = {
			isa = XCBuildConfiguration;
			buildSettings = {
				ALWAYS_EMBED_SWIFT_STANDARD_LIBRARIES = YES;
				ASSETCATALOG_COMPILER_APPICON_NAME = AppIcon;
				CODE_SIGN_STYLE = Automatic;
				DEVELOPMENT_TEAM = TG94VNPLAA;
				IBSC_MODULE = WatchViewer_WatchKit_Extension;
				INFOPLIST_FILE = "WatchViewer WatchKit App/Info.plist";
				PRODUCT_BUNDLE_IDENTIFIER = com.petarpetkov.WatchViewer.watchkitapp;
				PRODUCT_NAME = "$(TARGET_NAME)";
				SDKROOT = watchos;
				SKIP_INSTALL = YES;
				SWIFT_VERSION = 5.0;
				TARGETED_DEVICE_FAMILY = 4;
				WATCHOS_DEPLOYMENT_TARGET = 6.1;
			};
			name = Debug;
		};
		CA2783932404D62900E69597 /* Release */ = {
			isa = XCBuildConfiguration;
			buildSettings = {
				ALWAYS_EMBED_SWIFT_STANDARD_LIBRARIES = YES;
				ASSETCATALOG_COMPILER_APPICON_NAME = AppIcon;
				CODE_SIGN_STYLE = Automatic;
				DEVELOPMENT_TEAM = TG94VNPLAA;
				IBSC_MODULE = WatchViewer_WatchKit_Extension;
				INFOPLIST_FILE = "WatchViewer WatchKit App/Info.plist";
				PRODUCT_BUNDLE_IDENTIFIER = com.petarpetkov.WatchViewer.watchkitapp;
				PRODUCT_NAME = "$(TARGET_NAME)";
				SDKROOT = watchos;
				SKIP_INSTALL = YES;
				SWIFT_VERSION = 5.0;
				TARGETED_DEVICE_FAMILY = 4;
				WATCHOS_DEPLOYMENT_TARGET = 6.1;
			};
			name = Release;
		};
		CA2783962404D62900E69597 /* Debug */ = {
			isa = XCBuildConfiguration;
			buildSettings = {
				ASSETCATALOG_COMPILER_APPICON_NAME = AppIcon;
				CODE_SIGN_STYLE = Automatic;
				DEVELOPMENT_ASSET_PATHS = "\"WatchViewer/Preview Content\"";
				DEVELOPMENT_TEAM = TG94VNPLAA;
				ENABLE_PREVIEWS = YES;
				INFOPLIST_FILE = WatchViewer/Info.plist;
				LD_RUNPATH_SEARCH_PATHS = (
					"$(inherited)",
					"@executable_path/Frameworks",
				);
				PRODUCT_BUNDLE_IDENTIFIER = com.petarpetkov.WatchViewer;
				PRODUCT_NAME = "$(TARGET_NAME)";
				SWIFT_VERSION = 5.0;
				TARGETED_DEVICE_FAMILY = "1,2";
			};
			name = Debug;
		};
		CA2783972404D62900E69597 /* Release */ = {
			isa = XCBuildConfiguration;
			buildSettings = {
				ASSETCATALOG_COMPILER_APPICON_NAME = AppIcon;
				CODE_SIGN_STYLE = Automatic;
				DEVELOPMENT_ASSET_PATHS = "\"WatchViewer/Preview Content\"";
				DEVELOPMENT_TEAM = TG94VNPLAA;
				ENABLE_PREVIEWS = YES;
				INFOPLIST_FILE = WatchViewer/Info.plist;
				LD_RUNPATH_SEARCH_PATHS = (
					"$(inherited)",
					"@executable_path/Frameworks",
				);
				PRODUCT_BUNDLE_IDENTIFIER = com.petarpetkov.WatchViewer;
				PRODUCT_NAME = "$(TARGET_NAME)";
				SWIFT_VERSION = 5.0;
				TARGETED_DEVICE_FAMILY = "1,2";
			};
			name = Release;
		};
/* End XCBuildConfiguration section */

/* Begin XCConfigurationList section */
		CA2783522404D62400E69597 /* Build configuration list for PBXProject "WatchViewer" */ = {
			isa = XCConfigurationList;
			buildConfigurations = (
				CA27838B2404D62900E69597 /* Debug */,
				CA27838C2404D62900E69597 /* Release */,
			);
			defaultConfigurationIsVisible = 0;
			defaultConfigurationName = Release;
		};
		CA27838D2404D62900E69597 /* Build configuration list for PBXNativeTarget "WatchViewer WatchKit Extension" */ = {
			isa = XCConfigurationList;
			buildConfigurations = (
				CA27838E2404D62900E69597 /* Debug */,
				CA27838F2404D62900E69597 /* Release */,
			);
			defaultConfigurationIsVisible = 0;
			defaultConfigurationName = Release;
		};
		CA2783912404D62900E69597 /* Build configuration list for PBXNativeTarget "WatchViewer WatchKit App" */ = {
			isa = XCConfigurationList;
			buildConfigurations = (
				CA2783922404D62900E69597 /* Debug */,
				CA2783932404D62900E69597 /* Release */,
			);
			defaultConfigurationIsVisible = 0;
			defaultConfigurationName = Release;
		};
		CA2783952404D62900E69597 /* Build configuration list for PBXNativeTarget "WatchViewer" */ = {
			isa = XCConfigurationList;
			buildConfigurations = (
				CA2783962404D62900E69597 /* Debug */,
				CA2783972404D62900E69597 /* Release */,
			);
			defaultConfigurationIsVisible = 0;
			defaultConfigurationName = Release;
		};
/* End XCConfigurationList section */
	};
	rootObject = CA27834F2404D62400E69597 /* Project object */;
}
